hash: bdf5c0b43903ad8f1246f2cdfe547d87d5dcc3a4055c326109e5a2a40514e3e3
updated: 2018-04-13T17:12:23.361182384+06:00
imports:
- name: github.com/golang/snappy
  version: 553a641470496b2327abcac10b36396bd98e45c9
- name: github.com/hashicorp/errwrap
  version: 7554cd9344cec97297fa6649b055a8c98c2a1e55
- name: github.com/hashicorp/go-cleanhttp
  version: d5fe4b57a186c716b0e00b8c301cbd9b4182694d
- name: github.com/hashicorp/go-multierror
  version: b7773ae218740a7be65057fc60b366a49b538a44
- name: github.com/hashicorp/go-rootcerts
  version: 6bb64b370b90e7ef1fa532be9e591a81c3493e00
- name: github.com/hashicorp/hcl
  version: ef8a98b0bbce4a65b5aa4c368430a80ddc533168
  subpackages:
  - hcl/ast
  - hcl/parser
  - hcl/scanner
  - hcl/strconv
  - hcl/token
  - json/parser
  - json/scanner
  - json/token
- name: github.com/hashicorp/vault
  version: fce704efa2c80a47f92cf7652fac8d94d661830a
  subpackages:
  - api
  - helper/compressutil
  - helper/jsonutil
  - helper/parseutil
  - helper/strutil
- name: github.com/mitchellh/go-homedir
  version: b8bc1bf767474819792c23f32d8286a45736f1c6
- name: github.com/mitchellh/mapstructure
  version: 00c29f56e2386353d58c599509e8dc3801b0d716
- name: github.com/ryanuber/go-glob
  version: 256dc444b735e061061cf46c809487313d5b0065
- name: github.com/sethgrid/pester
  version: ed9870dad3170c0b25ab9b11830cc57c3a7798fb
- name: golang.org/x/net
  version: 1c05540f6879653db88113bc4a2b70aec4bd491f
  subpackages:
  - http2
  - http2/hpack
  - idna
  - lex/httplex
- name: golang.org/x/text
  version: b19bf474d317b857955b12035d2c5acb57ce8b01
  subpackages:
  - secure/bidirule
  - transform
  - unicode/bidi
  - unicode/norm
testImports: []
